[root]
name = "terminal"
version = "0.1.0"
dependencies = [
 "termion 1.1.4 (registry+https://github.com/rust-lang/crates.io-index)",
]

[[package]]
name = "libc"
version = "0.2.19"
source = "registry+https://github.com/rust-lang/crates.io-index"

[[package]]
name = "termion"
version = "1.1.4"
source = "registry+https://github.com/rust-lang/crates.io-index"
dependencies = [
 "libc 0.2.19 (registry+https://github.com/rust-lang/crates.io-index)",
]

[metadata]
"checksum libc 0.2.19 (registry+https://github.com/rust-lang/crates.io-index)" = "9e030dc72013ed68994d1b2cbf36a94dd0e58418ba949c4b0db7eeb70a7a6352"
"checksum termion 1.1.4 (registry+https://github.com/rust-lang/crates.io-index)" = "9a90df1ede85b25f0bbb50b6313f8fab00e30b3b251f1cc2165faa40924e1417"
